
Microsoft Visual Studio Solution File, Format Version 12.00
# Visual Studio Version 16
VisualStudioVersion = 16.0.30406.217
MinimumVisualStudioVersion = 10.0.40219.1
Project("{FAE04EC0-301F-11D3-BF4B-00C04F79EFBC}") = "YeildAssignment", "YeildAssignment\YeildAssignment.csproj", "{B8797087-80ED-4A0D-9089-E4B53D31F2EB}"
EndProject
Global
	GlobalSection(SolutionConfigurationPlatforms) = preSolution
		Debug|Any CPU = Debug|Any CPU
		Release|Any CPU = Release|Any CPU
	EndGlobalSection
	GlobalSection(ProjectConfigurationPlatforms) = postSolution
		{B8797087-80ED-4A0D-9089-E4B53D31F2EB}.Debug|Any CPU.ActiveCfg = Debug|Any CPU
		{B8797087-80ED-4A0D-9089-E4B53D31F2EB}.Debug|Any CPU.Build.0 = Debug|Any CPU
		{B8797087-80ED-4A0D-9089-E4B53D31F2EB}.Release|Any CPU.ActiveCfg = Release|Any CPU
		{B8797087-80ED-4A0D-9089-E4B53D31F2EB}.Release|Any CPU.Build.0 = Release|Any CPU
	EndGlobalSection
	GlobalSection(SolutionProperties) = preSolution
		HideSolutionNode = FALSE
	EndGlobalSection
	GlobalSection(ExtensibilityGlobals) = postSolution
		SolutionGuid = {D7F877C8-3DA2-4FD0-80D1-DF3C357DE13B}
	EndGlobalSection
EndGlobal
